
Microsoft Visual Studio Solution File, Format Version 12.00
# Visual Studio Version 16
VisualStudioVersion = 16.0.29613.14
MinimumVisualStudioVersion = 10.0.40219.1
Project("{FAE04EC0-301F-11D3-BF4B-00C04F79EFBC}") = "XamlApp", "XamlApp.csproj", "{67BF2A4E-B05F-4842-A402-F2768F1E745E}"
EndProject
Global
	GlobalSection(SolutionConfigurationPlatforms) = preSolution
		Debug|Any CPU = Debug|Any CPU
		Release|Any CPU = Release|Any CPU
	EndGlobalSection
	GlobalSection(ProjectConfigurationPlatforms) = postSolution
		{67BF2A4E-B05F-4842-A402-F2768F1E745E}.Debug|Any CPU.ActiveCfg = Debug|Any CPU
		{67BF2A4E-B05F-4842-A402-F2768F1E745E}.Debug|Any CPU.Build.0 = Debug|Any CPU
		{67BF2A4E-B05F-4842-A402-F2768F1E745E}.Release|Any CPU.ActiveCfg = Release|Any CPU
		{67BF2A4E-B05F-4842-A402-F2768F1E745E}.Release|Any CPU.Build.0 = Release|Any CPU
	EndGlobalSection
	GlobalSection(SolutionProperties) = preSolution
		HideSolutionNode = FALSE
	EndGlobalSection
	GlobalSection(ExtensibilityGlobals) = postSolution
		SolutionGuid = {D0A69430-6A22-4AFE-A0FA-D38C6C87F3E7}
	EndGlobalSection
EndGlobal
